// !$*UTF8*$!
{
	archiveVersion = 1;
	classes = {
	};
	objectVersion = 46;
	objects = {

/* Begin PBXBuildFile section */
		9ADD124A1A268419001EFA35 /* main.m in Sources */ = {isa = PBXBuildFile; fileRef = 9ADD12491A268419001EFA35 /* main.m */; };
		9ADD124D1A268419001EFA35 /* AppDelegate.m in Sources */ = {isa = PBXBuildFile; fileRef = 9ADD124C1A268419001EFA35 /* AppDelegate.m */; };
		9ADD12501A268419001EFA35 /* ViewController.m in Sources */ = {isa = PBXBuildFile; fileRef = 9ADD124F1A268419001EFA35 /* ViewController.m */; };
		9ADD12531A268419001EFA35 /* Main.storyboard in Resources */ = {isa = PBXBuildFile; fileRef = 9ADD12511A268419001EFA35 /* Main.storyboard */; };
		9ADD12551A268419001EFA35 /* Images.xcassets in Resources */ = {isa = PBXBuildFile; fileRef = 9ADD12541A268419001EFA35 /* Images.xcassets */; };
		9ADD12581A268419001EFA35 /* LaunchScreen.xib in Resources */ = {isa = PBXBuildFile; fileRef = 9ADD12561A268419001EFA35 /* LaunchScreen.xib */; };
		9ADD12641A268419001EFA35 /* Challenge1Tests.m in Sources */ = {isa = PBXBuildFile; fileRef = 9ADD12631A268419001EFA35 /* Challenge1Tests.m */; };
/* End PBXBuildFile section */

/* Begin PBXContainerItemProxy section */
		9ADD125E1A268419001EFA35 /* PBXContainerItemProxy */ = {
			isa = PBXContainerItemProxy;
			containerPortal = 9ADD123C1A268418001EFA35 /* Project object */;
			proxyType = 1;
			remoteGlobalIDString = 9ADD12431A268418001EFA35;
			remoteInfo = Challenge1;
		};
/* End PBXContainerItemProxy section */

/* Begin PBXFileReference section */
		9ADD12441A268419001EFA35 /* Challenge1.app */ = {isa = PBXFileReference; explicitFileType = wrapper.application; includeInIndex = 0; path = Challenge1.app; sourceTree = BUILT_PRODUCTS_DIR; };
		9ADD12481A268419001EFA35 /* Info.plist */ = {isa = PBXFileReference; lastKnownFileType = text.plist.xml; path = Info.plist; sourceTree = "<group>"; };
		9ADD12491A268419001EFA35 /* main.m */ = {isa = PBXFileReference; lastKnownFileType = sourcecode.c.objc; path = main.m; sourceTree = "<group>"; };
		9ADD124B1A268419001EFA35 /* AppDelegate.h */ = {isa = PBXFileReference; lastKnownFileType = sourcecode.c.h; path = AppDelegate.h; sourceTree = "<group>"; };
		9ADD124C1A268419001EFA35 /* AppDelegate.m */ = {isa = PBXFileReference; lastKnownFileType = sourcecode.c.objc; path = AppDelegate.m; sourceTree = "<group>"; };
		9ADD124E1A268419001EFA35 /* ViewController.h */ = {isa = PBXFileReference; lastKnownFileType = sourcecode.c.h; path = ViewController.h; sourceTree = "<group>"; };
		9ADD124F1A268419001EFA35 /* ViewController.m */ = {isa = PBXFileReference; lastKnownFileType = sourcecode.c.objc; path = ViewController.m; sourceTree = "<group>"; };
		9ADD12521A268419001EFA35 /* Base */ = {isa = PBXFileReference; lastKnownFileType = file.storyboard; name = Base; path = Base.lproj/Main.storyboard; sourceTree = "<group>"; };
		9ADD12541A268419001EFA35 /* Images.xcassets */ = {isa = PBXFileReference; lastKnownFileType = folder.assetcatalog; path = Images.xcassets; sourceTree = "<group>"; };
		9ADD12571A268419001EFA35 /* Base */ = {isa = PBXFileReference; lastKnownFileType = file.xib; name = Base; path = Base.lproj/LaunchScreen.xib; sourceTree = "<group>"; };
		9ADD125D1A268419001EFA35 /* Challenge1Tests.xctest */ = {isa = PBXFileReference; explicitFileType = wrapper.cfbundle; includeInIndex = 0; path = Challenge1Tests.xctest; sourceTree = BUILT_PRODUCTS_DIR; };
		9ADD12621A268419001EFA35 /* Info.plist */ = {isa = PBXFileReference; lastKnownFileType = text.plist.xml; path = Info.plist; sourceTree = "<group>"; };
		9ADD12631A268419001EFA35 /* Challenge1Tests.m */ = {isa = PBXFileReference; lastKnownFileType = sourcecode.c.objc; path = Challenge1Tests.m; sourceTree = "<group>"; };
/* End PBXFileReference section */

/* Begin PBXFrameworksBuildPhase section */
		9ADD12411A268418001EFA35 /* Frameworks */ = {
			isa = PBXFrameworksBuildPhase;
			buildActionMask = 2147483647;
			files = (
			);
			runOnlyForDeploymentPostprocessing = 0;
		};
		9ADD125A1A268419001EFA35 /* Frameworks */ = {
			isa = PBXFrameworksBuildPhase;
			buildActionMask = 2147483647;
			files = (
			);
			runOnlyForDeploymentPostprocessing = 0;
		};
/* End PBXFrameworksBuildPhase section */

/* Begin PBXGroup section */
		9ADD123B1A268418001EFA35 = {
			isa = PBXGroup;
			children = (
				9ADD12461A268419001EFA35 /* Challenge1 */,
				9ADD12601A268419001EFA35 /* Challenge1Tests */,
				9ADD12451A268419001EFA35 /* Products */,
			);
			sourceTree = "<group>";
		};
		9ADD12451A268419001EFA35 /* Products */ = {
			isa = PBXGroup;
			children = (
				9ADD12441A268419001EFA35 /* Challenge1.app */,
				9ADD125D1A268419001EFA35 /* Challenge1Tests.xctest */,
			);
			name = Products;
			sourceTree = "<group>";
		};
		9ADD12461A268419001EFA35 /* Challenge1 */ = {
			isa = PBXGroup;
			children = (
				9ADD124B1A268419001EFA35 /* AppDelegate.h */,
				9ADD124C1A268419001EFA35 /* AppDelegate.m */,
				9ADD124E1A268419001EFA35 /* ViewController.h */,
				9ADD124F1A268419001EFA35 /* ViewController.m */,
				9ADD12511A268419001EFA35 /* Main.storyboard */,
				9ADD12541A268419001EFA35 /* Images.xcassets */,
				9ADD12561A268419001EFA35 /* LaunchScreen.xib */,
				9ADD12471A268419001EFA35 /* Supporting Files */,
			);
			path = Challenge1;
			sourceTree = "<group>";
		};
		9ADD12471A268419001EFA35 /* Supporting Files */ = {
			isa = PBXGroup;
			children = (
				9ADD12481A268419001EFA35 /* Info.plist */,
				9ADD12491A268419001EFA35 /* main.m */,
			);
			name = "Supporting Files";
			sourceTree = "<group>";
		};
		9ADD12601A268419001EFA35 /* Challenge1Tests */ = {
			isa = PBXGroup;
			children = (
				9ADD12631A268419001EFA35 /* Challenge1Tests.m */,
				9ADD12611A268419001EFA35 /* Supporting Files */,
			);
			path = Challenge1Tests;
			sourceTree = "<group>";
		};
		9ADD12611A268419001EFA35 /* Supporting Files */ = {
			isa = PBXGroup;
			children = (
				9ADD12621A268419001EFA35 /* Info.plist */,
			);
			name = "Supporting Files";
			sourceTree = "<group>";
		};
/* End PBXGroup section */

/* Begin PBXNativeTarget section */
		9ADD12431A268418001EFA35 /* Challenge1 */ = {
			isa = PBXNativeTarget;
			buildConfigurationList = 9ADD12671A268419001EFA35 /* Build configuration list for PBXNativeTarget "Challenge1" */;
			buildPhases = (
				9ADD12401A268418001EFA35 /* Sources */,
				9ADD12411A268418001EFA35 /* Frameworks */,
				9ADD12421A268418001EFA35 /* Resources */,
			);
			buildRules = (
			);
			dependencies = (
			);
			name = Challenge1;
			productName = Challenge1;
			productReference = 9ADD12441A268419001EFA35 /* Challenge1.app */;
			productType = "com.apple.product-type.application";
		};
		9ADD125C1A268419001EFA35 /* Challenge1Tests */ = {
			isa = PBXNativeTarget;
			buildConfigurationList = 9ADD126A1A268419001EFA35 /* Build configuration list for PBXNativeTarget "Challenge1Tests" */;
			buildPhases = (
				9ADD12591A268419001EFA35 /* Sources */,
				9ADD125A1A268419001EFA35 /* Frameworks */,
				9ADD125B1A268419001EFA35 /* Resources */,
			);
			buildRules = (
			);
			dependencies = (
				9ADD125F1A268419001EFA35 /* PBXTargetDependency */,
			);
			name = Challenge1Tests;
			productName = Challenge1Tests;
			productReference = 9ADD125D1A268419001EFA35 /* Challenge1Tests.xctest */;
			productType = "com.apple.product-type.bundle.unit-test";
		};
/* End PBXNativeTarget section */

/* Begin PBXProject section */
		9ADD123C1A268418001EFA35 /* Project object */ = {
			isa = PBXProject;
			attributes = {
				LastUpgradeCheck = 0600;
				ORGANIZATIONNAME = Hugo;
				TargetAttributes = {
					9ADD12431A268418001EFA35 = {
						CreatedOnToolsVersion = 6.0.1;
					};
					9ADD125C1A268419001EFA35 = {
						CreatedOnToolsVersion = 6.0.1;
						TestTargetID = 9ADD12431A268418001EFA35;
					};
				};
			};
			buildConfigurationList = 9ADD123F1A268418001EFA35 /* Build configuration list for PBXProject "Challenge1" */;
			compatibilityVersion = "Xcode 3.2";
			developmentRegion = English;
			hasScannedForEncodings = 0;
			knownRegions = (
				en,
				Base,
			);
			mainGroup = 9ADD123B1A268418001EFA35;
			productRefGroup = 9ADD12451A268419001EFA35 /* Products */;
			projectDirPath = "";
			projectRoot = "";
			targets = (
				9ADD12431A268418001EFA35 /* Challenge1 */,
				9ADD125C1A268419001EFA35 /* Challenge1Tests */,
			);
		};
/* End PBXProject section */

/* Begin PBXResourcesBuildPhase section */
		9ADD12421A268418001EFA35 /* Resources */ = {
			isa = PBXResourcesBuildPhase;
			buildActionMask = 2147483647;
			files = (
				9ADD12531A268419001EFA35 /* Main.storyboard in Resources */,
				9ADD12581A268419001EFA35 /* LaunchScreen.xib in Resources */,
				9ADD12551A268419001EFA35 /* Images.xcassets in Resources */,
			);
			runOnlyForDeploymentPostprocessing = 0;
		};
		9ADD125B1A268419001EFA35 /* Resources */ = {
			isa = PBXResourcesBuildPhase;
			buildActionMask = 2147483647;
			files = (
			);
			runOnlyForDeploymentPostprocessing = 0;
		};
/* End PBXResourcesBuildPhase section */

/* Begin PBXSourcesBuildPhase section */
		9ADD12401A268418001EFA35 /* Sources */ = {
			isa = PBXSourcesBuildPhase;
			buildActionMask = 2147483647;
			files = (
				9ADD12501A268419001EFA35 /* ViewController.m in Sources */,
				9ADD124D1A268419001EFA35 /* AppDelegate.m in Sources */,
				9ADD124A1A268419001EFA35 /* main.m in Sources */,
			);
			runOnlyForDeploymentPostprocessing = 0;
		};
		9ADD12591A268419001EFA35 /* Sources */ = {
			isa = PBXSourcesBuildPhase;
			buildActionMask = 2147483647;
			files = (
				9ADD12641A268419001EFA35 /* Challenge1Tests.m in Sources */,
			);
			runOnlyForDeploymentPostprocessing = 0;
		};
/* End PBXSourcesBuildPhase section */

/* Begin PBXTargetDependency section */
		9ADD125F1A268419001EFA35 /* PBXTargetDependency */ = {
			isa = PBXTargetDependency;
			target = 9ADD12431A268418001EFA35 /* Challenge1 */;
			targetProxy = 9ADD125E1A268419001EFA35 /* PBXContainerItemProxy */;
		};
/* End PBXTargetDependency section */

/* Begin PBXVariantGroup section */
		9ADD12511A268419001EFA35 /* Main.storyboard */ = {
			isa = PBXVariantGroup;
			children = (
				9ADD12521A268419001EFA35 /* Base */,
			);
			name = Main.storyboard;
			sourceTree = "<group>";
		};
		9ADD12561A268419001EFA35 /* LaunchScreen.xib */ = {
			isa = PBXVariantGroup;
			children = (
				9ADD12571A268419001EFA35 /* Base */,
			);
			name = LaunchScreen.xib;
			sourceTree = "<group>";
		};
/* End PBXVariantGroup section */

/* Begin XCBuildConfiguration section */
		9ADD12651A268419001EFA35 /* Debug */ = {
			isa = XCBuildConfiguration;
			buildSettings = {
				ALWAYS_SEARCH_USER_PATHS = NO;
				CLANG_CXX_LANGUAGE_STANDARD = "gnu++0x";
				CLANG_CXX_LIBRARY = "libc++";
				CLANG_ENABLE_MODULES = YES;
				CLANG_ENABLE_OBJC_ARC = YES;
				CLANG_WARN_BOOL_CONVERSION = YES;
				CLANG_WARN_CONSTANT_CONVERSION = YES;
				CLANG_WARN_DIRECT_OBJC_ISA_USAGE = YES_ERROR;
				CLANG_WARN_EMPTY_BODY = YES;
				CLANG_WARN_ENUM_CONVERSION = YES;
				CLANG_WARN_INT_CONVERSION = YES;
				CLANG_WARN_OBJC_ROOT_CLASS = YES_ERROR;
				CLANG_WARN_UNREACHABLE_CODE = YES;
				CLANG_WARN__DUPLICATE_METHOD_MATCH = YES;
				"CODE_SIGN_IDENTITY[sdk=iphoneos*]" = "iPhone Developer";
				COPY_PHASE_STRIP = NO;
				ENABLE_STRICT_OBJC_MSGSEND = YES;
				GCC_C_LANGUAGE_STANDARD = gnu99;
				GCC_DYNAMIC_NO_PIC = NO;
				GCC_OPTIMIZATION_LEVEL = 0;
				GCC_PREPROCESSOR_DEFINITIONS = (
					"DEBUG=1",
					"$(inherited)",
				);
				GCC_SYMBOLS_PRIVATE_EXTERN = NO;
				GCC_WARN_64_TO_32_BIT_CONVERSION = YES;
				GCC_WARN_ABOUT_RETURN_TYPE = YES_ERROR;
				GCC_WARN_UNDECLARED_SELECTOR = YES;
				GCC_WARN_UNINITIALIZED_AUTOS = YES_AGGRESSIVE;
				GCC_WARN_UNUSED_FUNCTION = YES;
				GCC_WARN_UNUSED_VARIABLE = YES;
				IPHONEOS_DEPLOYMENT_TARGET = 8.0;
				MTL_ENABLE_DEBUG_INFO = YES;
				ONLY_ACTIVE_ARCH = YES;
				SDKROOT = iphoneos;
				TARGETED_DEVICE_FAMILY = "1,2";
			};
			name = Debug;
		};
		9ADD12661A268419001EFA35 /* Release */ = {
			isa = XCBuildConfiguration;
			buildSettings = {
				ALWAYS_SEARCH_USER_PATHS = NO;
				CLANG_CXX_LANGUAGE_STANDARD = "gnu++0x";
				CLANG_CXX_LIBRARY = "libc++";
				CLANG_ENABLE_MODULES = YES;
				CLANG_ENABLE_OBJC_ARC = YES;
				CLANG_WARN_BOOL_CONVERSION = YES;
				CLANG_WARN_CONSTANT_CONVERSION = YES;
				CLANG_WARN_DIRECT_OBJC_ISA_USAGE = YES_ERROR;
				CLANG_WARN_EMPTY_BODY = YES;
				CLANG_WARN_ENUM_CONVERSION = YES;
				CLANG_WARN_INT_CONVERSION = YES;
				CLANG_WARN_OBJC_ROOT_CLASS = YES_ERROR;
				CLANG_WARN_UNREACHABLE_CODE = YES;
				CLANG_WARN__DUPLICATE_METHOD_MATCH = YES;
				"CODE_SIGN_IDENTITY[sdk=iphoneos*]" = "iPhone Developer";
				COPY_PHASE_STRIP = YES;
				ENABLE_NS_ASSERTIONS = NO;
				ENABLE_STRICT_OBJC_MSGSEND = YES;
				GCC_C_LANGUAGE_STANDARD = gnu99;
				GCC_WARN_64_TO_32_BIT_CONVERSION = YES;
				GCC_WARN_ABOUT_RETURN_TYPE = YES_ERROR;
				GCC_WARN_UNDECLARED_SELECTOR = YES;
				GCC_WARN_UNINITIALIZED_AUTOS = YES_AGGRESSIVE;
				GCC_WARN_UNUSED_FUNCTION = YES;
				GCC_WARN_UNUSED_VARIABLE = YES;
				IPHONEOS_DEPLOYMENT_TARGET = 8.0;
				MTL_ENABLE_DEBUG_INFO = NO;
				SDKROOT = iphoneos;
				TARGETED_DEVICE_FAMILY = "1,2";
				VALIDATE_PRODUCT = YES;
			};
			name = Release;
		};
		9ADD12681A268419001EFA35 /* Debug */ = {
			isa = XCBuildConfiguration;
			buildSettings = {
				ASSETCATALOG_COMPILER_APPICON_NAME = AppIcon;
				INFOPLIST_FILE = Challenge1/Info.plist;
				LD_RUNPATH_SEARCH_PATHS = "$(inherited) @executable_path/Frameworks";
				PRODUCT_NAME = "$(TARGET_NAME)";
			};
			name = Debug;
		};
		9ADD12691A268419001EFA35 /* Release */ = {
			isa = XCBuildConfiguration;
			buildSettings = {
				ASSETCATALOG_COMPILER_APPICON_NAME = AppIcon;
				INFOPLIST_FILE = Challenge1/Info.plist;
				LD_RUNPATH_SEARCH_PATHS = "$(inherited) @executable_path/Frameworks";
				PRODUCT_NAME = "$(TARGET_NAME)";
			};
			name = Release;
		};
		9ADD126B1A268419001EFA35 /* Debug */ = {
			isa = XCBuildConfiguration;
			buildSettings = {
				BUNDLE_LOADER = "$(TEST_HOST)";
				FRAMEWORK_SEARCH_PATHS = (
					"$(SDKROOT)/Developer/Library/Frameworks",
					"$(inherited)",
				);
				GCC_PREPROCESSOR_DEFINITIONS = (
					"DEBUG=1",
					"$(inherited)",
				);
				INFOPLIST_FILE = Challenge1Tests/Info.plist;
				LD_RUNPATH_SEARCH_PATHS = "$(inherited) @executable_path/Frameworks @loader_path/Frameworks";
				PRODUCT_NAME = "$(TARGET_NAME)";
				TEST_HOST = "$(BUILT_PRODUCTS_DIR)/Challenge1.app/Challenge1";
			};
			name = Debug;
		};
		9ADD126C1A268419001EFA35 /* Release */ = {
			isa = XCBuildConfiguration;
			buildSettings = {
				BUNDLE_LOADER = "$(TEST_HOST)";
				FRAMEWORK_SEARCH_PATHS = (
					"$(SDKROOT)/Developer/Library/Frameworks",
					"$(inherited)",
				);
				INFOPLIST_FILE = Challenge1Tests/Info.plist;
				LD_RUNPATH_SEARCH_PATHS = "$(inherited) @executable_path/Frameworks @loader_path/Frameworks";
				PRODUCT_NAME = "$(TARGET_NAME)";
				TEST_HOST = "$(BUILT_PRODUCTS_DIR)/Challenge1.app/Challenge1";
			};
			name = Release;
		};
/* End XCBuildConfiguration section */

/* Begin XCConfigurationList section */
		9ADD123F1A268418001EFA35 /* Build configuration list for PBXProject "Challenge1" */ = {
			isa = XCConfigurationList;
			buildConfigurations = (
				9ADD12651A268419001EFA35 /* Debug */,
				9ADD12661A268419001EFA35 /* Release */,
			);
			defaultConfigurationIsVisible = 0;
			defaultConfigurationName = Release;
		};
		9ADD12671A268419001EFA35 /* Build configuration list for PBXNativeTarget "Challenge1" */ = {
			isa = XCConfigurationList;
			buildConfigurations = (
				9ADD12681A268419001EFA35 /* Debug */,
				9ADD12691A268419001EFA35 /* Release */,
			);
			defaultConfigurationIsVisible = 0;
		};
		9ADD126A1A268419001EFA35 /* Build configuration list for PBXNativeTarget "Challenge1Tests" */ = {
			isa = XCConfigurationList;
			buildConfigurations = (
				9ADD126B1A268419001EFA35 /* Debug */,
				9ADD126C1A268419001EFA35 /* Release */,
			);
			defaultConfigurationIsVisible = 0;
		};
/* End XCConfigurationList section */
	};
	rootObject = 9ADD123C1A268418001EFA35 /* Project object */;
}
